
Microsoft Visual Studio Solution File, Format Version 12.00
# Visual Studio Version 17
VisualStudioVersion = 17.10.35004.147
MinimumVisualStudioVersion = 10.0.40219.1
Project("{9A19103F-16F7-4668-BE54-9A1E7A4F7556}") = "Wallet", "Wallet\Wallet.csproj", "{E6CAA534-8D43-4830-BCC3-9162C63E4DD7}"
EndProject
Project("{9A19103F-16F7-4668-BE54-9A1E7A4F7556}") = "Wallet.Shared", "Wallet.Shared\Wallet.Shared.csproj", "{E02365EB-2C6F-4A05-9ED0-8A8E0F04535C}"
EndProject
Project("{FAE04EC0-301F-11D3-BF4B-00C04F79EFBC}") = "Wallet.Tests", "Wallet.Tests\Wallet.Tests.csproj", "{F86E45F1-EF29-4FAD-B585-1ABC90D96AA0}"
EndProject
Global
	GlobalSection(SolutionConfigurationPlatforms) = preSolution
		Debug|Any CPU = Debug|Any CPU
		Release|Any CPU = Release|Any CPU
	EndGlobalSection
	GlobalSection(ProjectConfigurationPlatforms) = postSolution
		{E6CAA534-8D43-4830-BCC3-9162C63E4DD7}.Debug|Any CPU.ActiveCfg = Debug|Any CPU
		{E6CAA534-8D43-4830-BCC3-9162C63E4DD7}.Debug|Any CPU.Build.0 = Debug|Any CPU
		{E6CAA534-8D43-4830-BCC3-9162C63E4DD7}.Release|Any CPU.ActiveCfg = Release|Any CPU
		{E6CAA534-8D43-4830-BCC3-9162C63E4DD7}.Release|Any CPU.Build.0 = Release|Any CPU
		{E02365EB-2C6F-4A05-9ED0-8A8E0F04535C}.Debug|Any CPU.ActiveCfg = Debug|Any CPU
		{E02365EB-2C6F-4A05-9ED0-8A8E0F04535C}.Debug|Any CPU.Build.0 = Debug|Any CPU
		{E02365EB-2C6F-4A05-9ED0-8A8E0F04535C}.Release|Any CPU.ActiveCfg = Release|Any CPU
		{E02365EB-2C6F-4A05-9ED0-8A8E0F04535C}.Release|Any CPU.Build.0 = Release|Any CPU
		{F86E45F1-EF29-4FAD-B585-1ABC90D96AA0}.Debug|Any CPU.ActiveCfg = Debug|Any CPU
		{F86E45F1-EF29-4FAD-B585-1ABC90D96AA0}.Debug|Any CPU.Build.0 = Debug|Any CPU
		{F86E45F1-EF29-4FAD-B585-1ABC90D96AA0}.Release|Any CPU.ActiveCfg = Release|Any CPU
		{F86E45F1-EF29-4FAD-B585-1ABC90D96AA0}.Release|Any CPU.Build.0 = Release|Any CPU
	EndGlobalSection
	GlobalSection(SolutionProperties) = preSolution
		HideSolutionNode = FALSE
	EndGlobalSection
	GlobalSection(ExtensibilityGlobals) = postSolution
		SolutionGuid = {D2BE460C-6CD1-41DB-AEE0-2BF9204AE883}
	EndGlobalSection
EndGlobal
